
Microsoft Visual Studio Solution File, Format Version 12.00
# Visual Studio Version 17
VisualStudioVersion = 17.2.32616.157
MinimumVisualStudioVersion = 10.0.40219.1
Project("{9A19103F-16F7-4668-BE54-9A1E7A4F7556}") = "RestwithASPNETUdemy.NET5", "RestwithASPNETUdemy.NET5.csproj", "{1B87492A-1F9C-412D-BE3A-3C03E008CF5E}"
EndProject
Project("{9A19103F-16F7-4668-BE54-9A1E7A4F7556}") = "RestwithASPNETUdemy.NET6", "..\RestwithASPNETUdemy.NET6\RestwithASPNETUdemy.NET6.csproj", "{C476FA21-C2FE-41EA-B14C-C1461EBF047A}"
EndProject
Project("{FAE04EC0-301F-11D3-BF4B-00C04F79EFBC}") = "RestwithASPNETUdemy.NET7", "..\RestwithASPNETUdemy.NET7\RestwithASPNETUdemy.NET7.csproj", "{4D2A19DD-1A5C-4605-87F3-E9EE65DCA570}"
EndProject
Global
	GlobalSection(SolutionConfigurationPlatforms) = preSolution
		Debug|Any CPU = Debug|Any CPU
		Release|Any CPU = Release|Any CPU
	EndGlobalSection
	GlobalSection(ProjectConfigurationPlatforms) = postSolution
		{1B87492A-1F9C-412D-BE3A-3C03E008CF5E}.Debug|Any CPU.ActiveCfg = Debug|Any CPU
		{1B87492A-1F9C-412D-BE3A-3C03E008CF5E}.Debug|Any CPU.Build.0 = Debug|Any CPU
		{1B87492A-1F9C-412D-BE3A-3C03E008CF5E}.Release|Any CPU.ActiveCfg = Release|Any CPU
		{1B87492A-1F9C-412D-BE3A-3C03E008CF5E}.Release|Any CPU.Build.0 = Release|Any CPU
		{C476FA21-C2FE-41EA-B14C-C1461EBF047A}.Debug|Any CPU.ActiveCfg = Debug|Any CPU
		{C476FA21-C2FE-41EA-B14C-C1461EBF047A}.Debug|Any CPU.Build.0 = Debug|Any CPU
		{C476FA21-C2FE-41EA-B14C-C1461EBF047A}.Release|Any CPU.ActiveCfg = Release|Any CPU
		{C476FA21-C2FE-41EA-B14C-C1461EBF047A}.Release|Any CPU.Build.0 = Release|Any CPU
		{4D2A19DD-1A5C-4605-87F3-E9EE65DCA570}.Debug|Any CPU.ActiveCfg = Debug|Any CPU
		{4D2A19DD-1A5C-4605-87F3-E9EE65DCA570}.Debug|Any CPU.Build.0 = Debug|Any CPU
		{4D2A19DD-1A5C-4605-87F3-E9EE65DCA570}.Release|Any CPU.ActiveCfg = Release|Any CPU
		{4D2A19DD-1A5C-4605-87F3-E9EE65DCA570}.Release|Any CPU.Build.0 = Release|Any CPU
	EndGlobalSection
	GlobalSection(SolutionProperties) = preSolution
		HideSolutionNode = FALSE
	EndGlobalSection
	GlobalSection(ExtensibilityGlobals) = postSolution
		SolutionGuid = {FE633219-2210-4A95-B658-679B3C7487A5}
	EndGlobalSection
EndGlobal
