
Microsoft Visual Studio Solution File, Format Version 12.00
# Visual Studio Version 17
VisualStudioVersion = 17.2.32616.157
MinimumVisualStudioVersion = 10.0.40219.1
Project("{FAE04EC0-301F-11D3-BF4B-00C04F79EFBC}") = "WebCrawler", "WebCrawler.csproj", "{643ED37D-78C1-49F5-BFC6-9230EBC99911}"
EndProject
Global
	GlobalSection(SolutionConfigurationPlatforms) = preSolution
		Debug|Any CPU = Debug|Any CPU
		Release|Any CPU = Release|Any CPU
	EndGlobalSection
	GlobalSection(ProjectConfigurationPlatforms) = postSolution
		{643ED37D-78C1-49F5-BFC6-9230EBC99911}.Debug|Any CPU.ActiveCfg = Debug|Any CPU
		{643ED37D-78C1-49F5-BFC6-9230EBC99911}.Debug|Any CPU.Build.0 = Debug|Any CPU
		{643ED37D-78C1-49F5-BFC6-9230EBC99911}.Release|Any CPU.ActiveCfg = Release|Any CPU
		{643ED37D-78C1-49F5-BFC6-9230EBC99911}.Release|Any CPU.Build.0 = Release|Any CPU
	EndGlobalSection
	GlobalSection(SolutionProperties) = preSolution
		HideSolutionNode = FALSE
	EndGlobalSection
	GlobalSection(ExtensibilityGlobals) = postSolution
		SolutionGuid = {F79C2711-9220-41D2-904C-6E127C1EE7F8}
	EndGlobalSection
EndGlobal
